{
  "originHash" : "957671b6d219f4f864754c14ec1f37204643a889779611c43543626b931df772",
  "pins" : [
    {
      "identity" : "capacitor-swift-pm",
      "kind" : "remoteSourceControl",
      "location" : "https://github.com/ionic-team/capacitor-swift-pm.git",
      "state" : {
        "revision" : "0b6882e9a3288342aacf36348e5a94e4f1dd7b13",
        "version" : "8.5.2"
      }
    },
    {
      "identity" : "ion-ios-camera",
      "kind" : "remoteSourceControl",
      "location" : "https://github.com/ionic-team/ion-ios-camera.git",
      "state" : {
        "revision" : "00c3dfdd6267f80db299d9c5a0bad522156b6cbc",
        "version" : "2.0.0"
      }
    },
    {
      "identity" : "ion-ios-filesystem",
      "kind" : "remoteSourceControl",
      "location" : "https://github.com/ionic-team/ion-ios-filesystem.git",
      "state" : {
        "revision" : "56bd6f9e77cb4f2269c03f2d92a9fe58fe168a1c",
        "version" : "1.1.4"
      }
    }
  ],
  "version" : 3
}
